
Microsoft Visual Studio Solution File, Format Version 12.00
# Visual Studio Version 16
VisualStudioVersion = 16.0.28803.202
MinimumVisualStudioVersion = 10.0.40219.1
Project("{2150E333-8FDC-42A3-9474-1A3956D46DE8}") = ".nuget", ".nuget", "{783CCBB2-8E5A-4F80-8D46-BE636A9BAD9B}"
	ProjectSection(SolutionItems) = preProject
		.nuget\NuGet.Config = .nuget\NuGet.Config
		.nuget\NuGet.exe = .nuget\NuGet.exe
		.nuget\NuGet.targets = .nuget\NuGet.targets
		src\Neptuo.Productivity.VisualStudio.UI\VsPackage.cs = src\Neptuo.Productivity.VisualStudio.UI\VsPackage.cs
	EndProjectSection
EndProject
Project("{FAE04EC0-301F-11D3-BF4B-00C04F79EFBC}") = "Neptuo.Productivity.LineDuplication", "src\Neptuo.Productivity.LineDuplication\Neptuo.Productivity.LineDuplication.csproj", "{64972762-3896-44A0-8DC4-E1CEFF762F4F}"
EndProject
Project("{FAE04EC0-301F-11D3-BF4B-00C04F79EFBC}") = "Neptuo.Productivity.GoToSource", "src\Neptuo.Productivity.GoToSource\Neptuo.Productivity.GoToSource.csproj", "{EE534E8F-3995-4104-9655-BBB01B77BF9F}"
EndProject
Project("{FAE04EC0-301F-11D3-BF4B-00C04F79EFBC}") = "Neptuo.Productivity.BuildHistory", "src\Neptuo.Productivity.BuildHistory\Neptuo.Productivity.BuildHistory.csproj", "{6EC473CA-1D23-43F7-80CC-ACC63DB9C246}"
EndProject
Project("{FAE04EC0-301F-11D3-BF4B-00C04F79EFBC}") = "Neptuo.Productivity.FastBuildCancellation", "src\Neptuo.Productivity.FastBuildCancellation\Neptuo.Productivity.FastBuildCancellation.csproj", "{BD93F982-580F-470F-BBB5-F4A5B6A084A6}"
EndProject
Project("{FAE04EC0-301F-11D3-BF4B-00C04F79EFBC}") = "Neptuo.Productivity.FindInFolder", "src\Neptuo.Productivity.FindInFolder\Neptuo.Productivity.FindInFolder.csproj", "{AF98D180-1693-4152-AA48-13D234C8EA2B}"
EndProject
Project("{FAE04EC0-301F-11D3-BF4B-00C04F79EFBC}") = "Neptuo.Productivity.AddNewItem.VisualStudio", "src\Neptuo.Productivity.AddNewItem.VisualStudio\Neptuo.Productivity.AddNewItem.VisualStudio.csproj", "{28DB07DF-3897-4628-B635-CC9089B3624A}"
EndProject
Project("{FAE04EC0-301F-11D3-BF4B-00C04F79EFBC}") = "Neptuo.Productivity.AddNewItem", "src\Neptuo.Productivity.AddNewItem\Neptuo.Productivity.AddNewItem.csproj", "{81070FF4-3B6D-46AC-92B5-62A5F802A2AB}"
EndProject
Project("{FAE04EC0-301F-11D3-BF4B-00C04F79EFBC}") = "Neptuo.Productivity.Snippets", "src\Neptuo.Productivity.Snippets\Neptuo.Productivity.Snippets.csproj", "{1C1DB7FF-6A9C-4760-9FE4-0797560D5951}"
EndProject
Global
	GlobalSection(SolutionConfigurationPlatforms) = preSolution
		Debug|Any CPU = Debug|Any CPU
		Release|Any CPU = Release|Any CPU
	EndGlobalSection
	GlobalSection(ProjectConfigurationPlatforms) = postSolution
		{64972762-3896-44A0-8DC4-E1CEFF762F4F}.Debug|Any CPU.ActiveCfg = Debug|Any CPU
		{64972762-3896-44A0-8DC4-E1CEFF762F4F}.Debug|Any CPU.Build.0 = Debug|Any CPU
		{64972762-3896-44A0-8DC4-E1CEFF762F4F}.Release|Any CPU.ActiveCfg = Release|Any CPU
		{64972762-3896-44A0-8DC4-E1CEFF762F4F}.Release|Any CPU.Build.0 = Release|Any CPU
		{EE534E8F-3995-4104-9655-BBB01B77BF9F}.Debug|Any CPU.ActiveCfg = Debug|Any CPU
		{EE534E8F-3995-4104-9655-BBB01B77BF9F}.Debug|Any CPU.Build.0 = Debug|Any CPU
		{EE534E8F-3995-4104-9655-BBB01B77BF9F}.Release|Any CPU.ActiveCfg = Release|Any CPU
		{6EC473CA-1D23-43F7-80CC-ACC63DB9C246}.Debug|Any CPU.ActiveCfg = Debug|Any CPU
		{6EC473CA-1D23-43F7-80CC-ACC63DB9C246}.Debug|Any CPU.Build.0 = Debug|Any CPU
		{6EC473CA-1D23-43F7-80CC-ACC63DB9C246}.Release|Any CPU.ActiveCfg = Release|Any CPU
		{6EC473CA-1D23-43F7-80CC-ACC63DB9C246}.Release|Any CPU.Build.0 = Release|Any CPU
		{BD93F982-580F-470F-BBB5-F4A5B6A084A6}.Debug|Any CPU.ActiveCfg = Debug|Any CPU
		{BD93F982-580F-470F-BBB5-F4A5B6A084A6}.Debug|Any CPU.Build.0 = Debug|Any CPU
		{BD93F982-580F-470F-BBB5-F4A5B6A084A6}.Release|Any CPU.ActiveCfg = Release|Any CPU
		{AF98D180-1693-4152-AA48-13D234C8EA2B}.Debug|Any CPU.ActiveCfg = Debug|Any CPU
		{AF98D180-1693-4152-AA48-13D234C8EA2B}.Debug|Any CPU.Build.0 = Debug|Any CPU
		{AF98D180-1693-4152-AA48-13D234C8EA2B}.Release|Any CPU.ActiveCfg = Release|Any CPU
		{AF98D180-1693-4152-AA48-13D234C8EA2B}.Release|Any CPU.Build.0 = Release|Any CPU
		{28DB07DF-3897-4628-B635-CC9089B3624A}.Debug|Any CPU.ActiveCfg = Debug|Any CPU
		{28DB07DF-3897-4628-B635-CC9089B3624A}.Debug|Any CPU.Build.0 = Debug|Any CPU
		{28DB07DF-3897-4628-B635-CC9089B3624A}.Release|Any CPU.ActiveCfg = Release|Any CPU
		{81070FF4-3B6D-46AC-92B5-62A5F802A2AB}.Debug|Any CPU.ActiveCfg = Debug|Any CPU
		{81070FF4-3B6D-46AC-92B5-62A5F802A2AB}.Debug|Any CPU.Build.0 = Debug|Any CPU
		{81070FF4-3B6D-46AC-92B5-62A5F802A2AB}.Release|Any CPU.ActiveCfg = Release|Any CPU
		{1C1DB7FF-6A9C-4760-9FE4-0797560D5951}.Debug|Any CPU.ActiveCfg = Debug|Any CPU
		{1C1DB7FF-6A9C-4760-9FE4-0797560D5951}.Debug|Any CPU.Build.0 = Debug|Any CPU
		{1C1DB7FF-6A9C-4760-9FE4-0797560D5951}.Release|Any CPU.ActiveCfg = Release|Any CPU
		{1C1DB7FF-6A9C-4760-9FE4-0797560D5951}.Release|Any CPU.Build.0 = Release|Any CPU
	EndGlobalSection
	GlobalSection(SolutionProperties) = preSolution
		HideSolutionNode = FALSE
	EndGlobalSection
	GlobalSection(ExtensibilityGlobals) = postSolution
		SolutionGuid = {DE62CB37-3F28-461A-A589-A67979F87456}
	EndGlobalSection
EndGlobal
