
Microsoft Visual Studio Solution File, Format Version 12.00
# Visual Studio 2013
VisualStudioVersion = 12.0.31101.0
MinimumVisualStudioVersion = 10.0.40219.1
Project("{2150E333-8FDC-42A3-9474-1A3956D46DE8}") = ".nuget", ".nuget", "{783CCBB2-8E5A-4F80-8D46-BE636A9BAD9B}"
	ProjectSection(SolutionItems) = preProject
		.nuget\NuGet.Config = .nuget\NuGet.Config
		.nuget\NuGet.exe = .nuget\NuGet.exe
		.nuget\NuGet.targets = .nuget\NuGet.targets
		src\Neptuo.Productivity.VisualStudio.UI\VsPackage.cs = src\Neptuo.Productivity.VisualStudio.UI\VsPackage.cs
	EndProjectSection
EndProject
Project("{FAE04EC0-301F-11D3-BF4B-00C04F79EFBC}") = "Neptuo.Productivity.VisualStudio.UI", "src\Neptuo.Productivity.VisualStudio.UI\Neptuo.Productivity.VisualStudio.UI.csproj", "{FDDFF2F0-EAFF-4F92-842D-A25B3C5EC1D4}"
EndProject
Project("{FAE04EC0-301F-11D3-BF4B-00C04F79EFBC}") = "Neptuo.Productivity", "src\Neptuo.Productivity\Neptuo.Productivity.csproj", "{B76AF700-51B5-435D-8E32-9292A8726895}"
EndProject
Global
	GlobalSection(SolutionConfigurationPlatforms) = preSolution
		Debug|Any CPU = Debug|Any CPU
		Release|Any CPU = Release|Any CPU
	EndGlobalSection
	GlobalSection(ProjectConfigurationPlatforms) = postSolution
		{FDDFF2F0-EAFF-4F92-842D-A25B3C5EC1D4}.Debug|Any CPU.ActiveCfg = Debug|Any CPU
		{FDDFF2F0-EAFF-4F92-842D-A25B3C5EC1D4}.Debug|Any CPU.Build.0 = Debug|Any CPU
		{FDDFF2F0-EAFF-4F92-842D-A25B3C5EC1D4}.Release|Any CPU.ActiveCfg = Release|Any CPU
		{FDDFF2F0-EAFF-4F92-842D-A25B3C5EC1D4}.Release|Any CPU.Build.0 = Release|Any CPU
		{B76AF700-51B5-435D-8E32-9292A8726895}.Debug|Any CPU.ActiveCfg = Debug|Any CPU
		{B76AF700-51B5-435D-8E32-9292A8726895}.Debug|Any CPU.Build.0 = Debug|Any CPU
		{B76AF700-51B5-435D-8E32-9292A8726895}.Release|Any CPU.ActiveCfg = Release|Any CPU
		{B76AF700-51B5-435D-8E32-9292A8726895}.Release|Any CPU.Build.0 = Release|Any CPU
	EndGlobalSection
	GlobalSection(SolutionProperties) = preSolution
		HideSolutionNode = FALSE
	EndGlobalSection
EndGlobal
